dependencies:
- name: prometheus-adapter
  repository: https://prometheus-community.github.io/helm-charts
  version: 5.3.0
- name: descheduler
  repository: https://kubernetes-sigs.github.io/descheduler
  version: 0.36.0
- name: ingress-anubis
  repository: oci://ghcr.io/jaredallard/helm-charts
  version: 1.10.5
- name: kube-prometheus-stack
  repository: https://prometheus-community.github.io/helm-charts
  version: 87.20.0
- name: headscale-operator
  repository: oci://ghcr.io/infradohq/headscale-operator/charts
  version: 0.4.0
digest: sha256:95c705d819223caf970648114cd16c5e08ecd2c8b1bcccd9f7012d34d1f967c5
generated: "2026-07-28T12:44:04.303159377Z"
