dependencies:
- name: prometheus-adapter
  repository: https://prometheus-community.github.io/helm-charts
  version: 5.3.0
- name: descheduler
  repository: https://kubernetes-sigs.github.io/descheduler
  version: 0.36.0
- name: ingress-anubis
  repository: oci://ghcr.io/jaredallard/helm-charts
  version: 1.10.5
- name: kube-prometheus-stack
  repository: https://prometheus-community.github.io/helm-charts
  version: 88.5.2
- name: headscale-operator
  repository: oci://ghcr.io/infradohq/headscale-operator/charts
  version: 0.4.0
digest: sha256:3b40fcd06cccfeb5721e79f9778f226282fcadd15f022ab6533e4f42d8388783
generated: "2026-08-20T12:44:15.621699213Z"
