dependencies:
- name: prometheus-adapter
  repository: https://prometheus-community.github.io/helm-charts
  version: 5.3.0
- name: descheduler
  repository: https://kubernetes-sigs.github.io/descheduler
  version: 0.36.0
- name: ingress-anubis
  repository: oci://ghcr.io/jaredallard/helm-charts
  version: 1.10.5
- name: kube-prometheus-stack
  repository: https://prometheus-community.github.io/helm-charts
  version: 88.6.3
- name: headscale-operator
  repository: oci://ghcr.io/infradohq/headscale-operator/charts
  version: 0.4.0
digest: sha256:949fbbb72117b24ba4758a2c12c932ca192b8b2ce8412a8221d52055a9edade5
generated: "2026-09-03T12:43:50.062200226Z"
